
Microsoft Visual Studio Solution File, Format Version 12.00
# Visual Studio Version 16
VisualStudioVersion = 16.0.29613.14
MinimumVisualStudioVersion = 10.0.40219.1
Project("{FAE04EC0-301F-11D3-BF4B-00C04F79EFBC}") = "Sol_List", "Sol_List\Sol_List.csproj", "{324FDA06-E93A-482B-A2AE-568883B4CF6B}"
EndProject
Global
	GlobalSection(SolutionConfigurationPlatforms) = preSolution
		Debug|Any CPU = Debug|Any CPU
		Release|Any CPU = Release|Any CPU
	EndGlobalSection
	GlobalSection(ProjectConfigurationPlatforms) = postSolution
		{324FDA06-E93A-482B-A2AE-568883B4CF6B}.Debug|Any CPU.ActiveCfg = Debug|Any CPU
		{324FDA06-E93A-482B-A2AE-568883B4CF6B}.Debug|Any CPU.Build.0 = Debug|Any CPU
		{324FDA06-E93A-482B-A2AE-568883B4CF6B}.Release|Any CPU.ActiveCfg = Release|Any CPU
		{324FDA06-E93A-482B-A2AE-568883B4CF6B}.Release|Any CPU.Build.0 = Release|Any CPU
	EndGlobalSection
	GlobalSection(SolutionProperties) = preSolution
		HideSolutionNode = FALSE
	EndGlobalSection
	GlobalSection(ExtensibilityGlobals) = postSolution
		SolutionGuid = {B339F7D4-F119-4F02-89EA-1BB3CD122A91}
	EndGlobalSection
EndGlobal
